
Microsoft Visual Studio Solution File, Format Version 12.00
# Visual Studio Version 17
VisualStudioVersion = 17.11.35222.181
MinimumVisualStudioVersion = 10.0.40219.1
Project("{9A19103F-16F7-4668-BE54-9A1E7A4F7556}") = "Simplesound", "Simplesound.csproj", "{EEFB3717-EAE8-4A87-B45A-4EB3AF3D0A2F}"
EndProject
Global
	GlobalSection(SolutionConfigurationPlatforms) = preSolution
		Debug|Any CPU = Debug|Any CPU
		ExportDebug|Any CPU = ExportDebug|Any CPU
		ExportRelease|Any CPU = ExportRelease|Any CPU
	EndGlobalSection
	GlobalSection(ProjectConfigurationPlatforms) = postSolution
		{EEFB3717-EAE8-4A87-B45A-4EB3AF3D0A2F}.Debug|Any CPU.ActiveCfg = Debug|Any CPU
		{EEFB3717-EAE8-4A87-B45A-4EB3AF3D0A2F}.Debug|Any CPU.Build.0 = Debug|Any CPU
		{EEFB3717-EAE8-4A87-B45A-4EB3AF3D0A2F}.ExportDebug|Any CPU.ActiveCfg = ExportDebug|Any CPU
		{EEFB3717-EAE8-4A87-B45A-4EB3AF3D0A2F}.ExportDebug|Any CPU.Build.0 = ExportDebug|Any CPU
		{EEFB3717-EAE8-4A87-B45A-4EB3AF3D0A2F}.ExportRelease|Any CPU.ActiveCfg = ExportRelease|Any CPU
		{EEFB3717-EAE8-4A87-B45A-4EB3AF3D0A2F}.ExportRelease|Any CPU.Build.0 = ExportRelease|Any CPU
	EndGlobalSection
	GlobalSection(SolutionProperties) = preSolution
		HideSolutionNode = FALSE
	EndGlobalSection
	GlobalSection(ExtensibilityGlobals) = postSolution
		SolutionGuid = {4EE4AC11-1EC5-431B-81F3-77F746159327}
	EndGlobalSection
EndGlobal
